
Microsoft Visual Studio Solution File, Format Version 12.00
# Visual Studio Express 15 for Windows Desktop
VisualStudioVersion = 15.0.27004.2006
MinimumVisualStudioVersion = 10.0.40219.1
Project("{8BC9CEB8-8B4A-11D0-8D11-00A0C91BC942}") = "npClient", "npClient\npClient.vcxproj", "{59443398-5751-4A8E-8C28-E1FB8D45FF96}"
EndProject
Project("{8BC9CEB8-8B4A-11D0-8D11-00A0C91BC942}") = "npServer", "npServer\npServer.vcxproj", "{1093E7C7-E4DB-4B57-89F0-961ABEACCD58}"
EndProject
Global
	GlobalSection(SolutionConfigurationPlatforms) = preSolution
		Debug|x64 = Debug|x64
		Debug|x86 = Debug|x86
		Release|x64 = Release|x64
		Release|x86 = Release|x86
	EndGlobalSection
	GlobalSection(ProjectConfigurationPlatforms) = postSolution
		{59443398-5751-4A8E-8C28-E1FB8D45FF96}.Debug|x64.ActiveCfg = Debug|x64
		{59443398-5751-4A8E-8C28-E1FB8D45FF96}.Debug|x64.Build.0 = Debug|x64
		{59443398-5751-4A8E-8C28-E1FB8D45FF96}.Debug|x86.ActiveCfg = Debug|Win32
		{59443398-5751-4A8E-8C28-E1FB8D45FF96}.Debug|x86.Build.0 = Debug|Win32
		{59443398-5751-4A8E-8C28-E1FB8D45FF96}.Release|x64.ActiveCfg = Release|x64
		{59443398-5751-4A8E-8C28-E1FB8D45FF96}.Release|x64.Build.0 = Release|x64
		{59443398-5751-4A8E-8C28-E1FB8D45FF96}.Release|x86.ActiveCfg = Release|Win32
		{59443398-5751-4A8E-8C28-E1FB8D45FF96}.Release|x86.Build.0 = Release|Win32
		{1093E7C7-E4DB-4B57-89F0-961ABEACCD58}.Debug|x64.ActiveCfg = Debug|x64
		{1093E7C7-E4DB-4B57-89F0-961ABEACCD58}.Debug|x64.Build.0 = Debug|x64
		{1093E7C7-E4DB-4B57-89F0-961ABEACCD58}.Debug|x86.ActiveCfg = Debug|Win32
		{1093E7C7-E4DB-4B57-89F0-961ABEACCD58}.Debug|x86.Build.0 = Debug|Win32
		{1093E7C7-E4DB-4B57-89F0-961ABEACCD58}.Release|x64.ActiveCfg = Release|x64
		{1093E7C7-E4DB-4B57-89F0-961ABEACCD58}.Release|x64.Build.0 = Release|x64
		{1093E7C7-E4DB-4B57-89F0-961ABEACCD58}.Release|x86.ActiveCfg = Release|Win32
		{1093E7C7-E4DB-4B57-89F0-961ABEACCD58}.Release|x86.Build.0 = Release|Win32
	EndGlobalSection
	GlobalSection(SolutionProperties) = preSolution
		HideSolutionNode = FALSE
	EndGlobalSection
	GlobalSection(ExtensibilityGlobals) = postSolution
		SolutionGuid = {55E4D0C1-CE55-4166-B6F2-42814819A21F}
	EndGlobalSection
EndGlobal
